
Microsoft Visual Studio Solution File, Format Version 12.00
# Visual Studio Version 17
VisualStudioVersion = 17.7.34221.43
MinimumVisualStudioVersion = 10.0.40219.1
Project("{FAE04EC0-301F-11D3-BF4B-00C04F79EFBC}") = "ConsoleApp9", "ConsoleApp9.csproj", "{E51616FC-A560-4BAC-8540-745BB20EEDEE}"
EndProject
Global
	GlobalSection(SolutionConfigurationPlatforms) = preSolution
		Debug|Any CPU = Debug|Any CPU
		Release|Any CPU = Release|Any CPU
	EndGlobalSection
	GlobalSection(ProjectConfigurationPlatforms) = postSolution
		{E51616FC-A560-4BAC-8540-745BB20EEDEE}.Debug|Any CPU.ActiveCfg = Debug|Any CPU
		{E51616FC-A560-4BAC-8540-745BB20EEDEE}.Debug|Any CPU.Build.0 = Debug|Any CPU
		{E51616FC-A560-4BAC-8540-745BB20EEDEE}.Release|Any CPU.ActiveCfg = Release|Any CPU
		{E51616FC-A560-4BAC-8540-745BB20EEDEE}.Release|Any CPU.Build.0 = Release|Any CPU
	EndGlobalSection
	GlobalSection(SolutionProperties) = preSolution
		HideSolutionNode = FALSE
	EndGlobalSection
	GlobalSection(ExtensibilityGlobals) = postSolution
		SolutionGuid = {BAD1E7B7-298D-4BA3-ABB7-E4604D43A44D}
	EndGlobalSection
EndGlobal
